// !$*UTF8*$!
{
	archiveVersion = 1;
	classes = {
	};
	objectVersion = 46;
	objects = {

/* Begin PBXBuildFile section */
		DF30726D1E1BA625005AA130 /* AppDelegate.swift in Sources */ = {isa = PBXBuildFile; fileRef = DF30726C1E1BA625005AA130 /* AppDelegate.swift */; };
		DF30726F1E1BA625005AA130 /* SearchSceneViewController.swift in Sources */ = {isa = PBXBuildFile; fileRef = DF30726E1E1BA625005AA130 /* SearchSceneViewController.swift */; };
		DF3072741E1BA625005AA130 /* Assets.xcassets in Resources */ = {isa = PBXBuildFile; fileRef = DF3072731E1BA625005AA130 /* Assets.xcassets */; };
		DF3072771E1BA625005AA130 /* LaunchScreen.storyboard in Resources */ = {isa = PBXBuildFile; fileRef = DF3072751E1BA625005AA130 /* LaunchScreen.storyboard */; };
		DF3072821E1BA625005AA130 /* ReswiftAppCoordinatorDemoTests.swift in Sources */ = {isa = PBXBuildFile; fileRef = DF3072811E1BA625005AA130 /* ReswiftAppCoordinatorDemoTests.swift */; };
		DF3072901E1BE7D5005AA130 /* AppCoordinator.swift in Sources */ = {isa = PBXBuildFile; fileRef = DF30728F1E1BE7D5005AA130 /* AppCoordinator.swift */; };
		DF31C0531E1F27360053DB38 /* BaseViewController.swift in Sources */ = {isa = PBXBuildFile; fileRef = DF31C0521E1F27360053DB38 /* BaseViewController.swift */; };
		DF74B9B21E1C8EAB0028246C /* ReSwift.framework in Frameworks */ = {isa = PBXBuildFile; fileRef = DF30728D1E1BB2EA005AA130 /* ReSwift.framework */; };
		DF74B9B41E1C8F130028246C /* ReSwift.framework in CopyFiles */ = {isa = PBXBuildFile; fileRef = DF30728D1E1BB2EA005AA130 /* ReSwift.framework */; };
		DF74B9B71E1C906A0028246C /* SearchView.xib in Resources */ = {isa = PBXBuildFile; fileRef = DF74B9B61E1C906A0028246C /* SearchView.xib */; };
		DF74B9B81E1C906A0028246C /* SearchView.xib in Resources */ = {isa = PBXBuildFile; fileRef = DF74B9B61E1C906A0028246C /* SearchView.xib */; };
		DF74B9BD1E1C91F00028246C /* XibBaseView.swift in Sources */ = {isa = PBXBuildFile; fileRef = DF74B9BC1E1C91F00028246C /* XibBaseView.swift */; };
		DF74B9BE1E1C91F00028246C /* XibBaseView.swift in Sources */ = {isa = PBXBuildFile; fileRef = DF74B9BC1E1C91F00028246C /* XibBaseView.swift */; };
		DF74B9C11E1C92230028246C /* colors.swift in Sources */ = {isa = PBXBuildFile; fileRef = DF74B9C01E1C92230028246C /* colors.swift */; };
		DF74B9C21E1C92230028246C /* colors.swift in Sources */ = {isa = PBXBuildFile; fileRef = DF74B9C01E1C92230028246C /* colors.swift */; };
		DF74B9C41E1C92310028246C /* fonts.swift in Sources */ = {isa = PBXBuildFile; fileRef = DF74B9C31E1C92310028246C /* fonts.swift */; };
		DF74B9C51E1C92310028246C /* fonts.swift in Sources */ = {isa = PBXBuildFile; fileRef = DF74B9C31E1C92310028246C /* fonts.swift */; };
		DF74B9C91E1CAF660028246C /* AppState.swift in Sources */ = {isa = PBXBuildFile; fileRef = DF74B9C81E1CAF660028246C /* AppState.swift */; };
		DF74B9CA1E1CAF660028246C /* AppState.swift in Sources */ = {isa = PBXBuildFile; fileRef = DF74B9C81E1CAF660028246C /* AppState.swift */; };
		DF74B9D21E1CCB590028246C /* PropertyActions.swift in Sources */ = {isa = PBXBuildFile; fileRef = DF74B9D11E1CCB590028246C /* PropertyActions.swift */; };
		DF74B9D31E1CCB590028246C /* PropertyActions.swift in Sources */ = {isa = PBXBuildFile; fileRef = DF74B9D11E1CCB590028246C /* PropertyActions.swift */; };
		DF74B9D81E1CDF680028246C /* AppReducer.swift in Sources */ = {isa = PBXBuildFile; fileRef = DF74B9D71E1CDF680028246C /* AppReducer.swift */; };
		DF74B9D91E1CDF680028246C /* AppReducer.swift in Sources */ = {isa = PBXBuildFile; fileRef = DF74B9D71E1CDF680028246C /* AppReducer.swift */; };
		DF74B9DB1E1CE2F70028246C /* LoadingActions.swift in Sources */ = {isa = PBXBuildFile; fileRef = DF74B9DA1E1CE2F70028246C /* LoadingActions.swift */; };
		DF74B9DC1E1CE2F70028246C /* LoadingActions.swift in Sources */ = {isa = PBXBuildFile; fileRef = DF74B9DA1E1CE2F70028246C /* LoadingActions.swift */; };
		DF74B9DE1E1CE3630028246C /* ErrorMessageActions.swift in Sources */ = {isa = PBXBuildFile; fileRef = DF74B9DD1E1CE3630028246C /* ErrorMessageActions.swift */; };
		DF74B9DF1E1CE3630028246C /* ErrorMessageActions.swift in Sources */ = {isa = PBXBuildFile; fileRef = DF74B9DD1E1CE3630028246C /* ErrorMessageActions.swift */; };
		DF74B9E21E1CF3EB0028246C /* PropertyApi.swift in Sources */ = {isa = PBXBuildFile; fileRef = DF74B9E11E1CF3EB0028246C /* PropertyApi.swift */; };
		DF74B9E31E1CF3EB0028246C /* PropertyApi.swift in Sources */ = {isa = PBXBuildFile; fileRef = DF74B9E11E1CF3EB0028246C /* PropertyApi.swift */; };
		DF74B9E51E1CF7420028246C /* Alamofire.framework in Frameworks */ = {isa = PBXBuildFile; fileRef = DF74B9E41E1CF7420028246C /* Alamofire.framework */; };
		DFC26C221E1F404700148AB5 /* SearchView.swift in Sources */ = {isa = PBXBuildFile; fileRef = DFC26C211E1F404700148AB5 /* SearchView.swift */; };
		DFC26C271E1F6F8A00148AB5 /* LocationTracker.swift in Sources */ = {isa = PBXBuildFile; fileRef = DFC26C261E1F6F8A00148AB5 /* LocationTracker.swift */; };
/* End PBXBuildFile section */

/* Begin PBXContainerItemProxy section */
		DF30727E1E1BA625005AA130 /* PBXContainerItemProxy */ = {
			isa = PBXContainerItemProxy;
			containerPortal = DF3072611E1BA625005AA130 /* Project object */;
			proxyType = 1;
			remoteGlobalIDString = DF3072681E1BA625005AA130;
			remoteInfo = ReswiftAppCoordinatorDemo;
		};
/* End PBXContainerItemProxy section */

/* Begin PBXCopyFilesBuildPhase section */
		DF74B9B31E1C8EF30028246C /* CopyFiles */ = {
			isa = PBXCopyFilesBuildPhase;
			buildActionMask = 12;
			dstPath = "";
			dstSubfolderSpec = 16;
			files = (
				DF74B9B41E1C8F130028246C /* ReSwift.framework in CopyFiles */,
			);
			runOnlyForDeploymentPostprocessing = 0;
		};
/* End PBXCopyFilesBuildPhase section */

/* Begin PBXFileReference section */
		DF3072691E1BA625005AA130 /* ReswiftAppCoordinatorDemo.app */ = {isa = PBXFileReference; explicitFileType = wrapper.application; includeInIndex = 0; path = ReswiftAppCoordinatorDemo.app; sourceTree = BUILT_PRODUCTS_DIR; };
		DF30726C1E1BA625005AA130 /* AppDelegate.swift */ = {isa = PBXFileReference; lastKnownFileType = sourcecode.swift; path = AppDelegate.swift; sourceTree = "<group>"; };
		DF30726E1E1BA625005AA130 /* SearchSceneViewController.swift */ = {isa = PBXFileReference; lastKnownFileType = sourcecode.swift; path = SearchSceneViewController.swift; sourceTree = "<group>"; };
		DF3072731E1BA625005AA130 /* Assets.xcassets */ = {isa = PBXFileReference; lastKnownFileType = folder.assetcatalog; path = Assets.xcassets; sourceTree = "<group>"; };
		DF3072761E1BA625005AA130 /* Base */ = {isa = PBXFileReference; lastKnownFileType = file.storyboard; name = Base; path = Base.lproj/LaunchScreen.storyboard; sourceTree = "<group>"; };
		DF3072781E1BA625005AA130 /* Info.plist */ = {isa = PBXFileReference; lastKnownFileType = text.plist.xml; path = Info.plist; sourceTree = "<group>"; };
		DF30727D1E1BA625005AA130 /* ReswiftAppCoordinatorDemoTests.xctest */ = {isa = PBXFileReference; explicitFileType = wrapper.cfbundle; includeInIndex = 0; path = ReswiftAppCoordinatorDemoTests.xctest; sourceTree = BUILT_PRODUCTS_DIR; };
		DF3072811E1BA625005AA130 /* ReswiftAppCoordinatorDemoTests.swift */ = {isa = PBXFileReference; lastKnownFileType = sourcecode.swift; path = ReswiftAppCoordinatorDemoTests.swift; sourceTree = "<group>"; };
		DF3072831E1BA625005AA130 /* Info.plist */ = {isa = PBXFileReference; lastKnownFileType = text.plist.xml; path = Info.plist; sourceTree = "<group>"; };
		DF30728D1E1BB2EA005AA130 /* ReSwift.framework */ = {isa = PBXFileReference; lastKnownFileType = wrapper.framework; name = ReSwift.framework; path = Carthage/Build/iOS/ReSwift.framework; sourceTree = "<group>"; };
		DF30728F1E1BE7D5005AA130 /* AppCoordinator.swift */ = {isa = PBXFileReference; fileEncoding = 4; lastKnownFileType = sourcecode.swift; path = AppCoordinator.swift; sourceTree = "<group>"; };
		DF31C0521E1F27360053DB38 /* BaseViewController.swift */ = {isa = PBXFileReference; fileEncoding = 4; lastKnownFileType = sourcecode.swift; path = BaseViewController.swift; sourceTree = "<group>"; };
		DF74B9B61E1C906A0028246C /* SearchView.xib */ = {isa = PBXFileReference; fileEncoding = 4; lastKnownFileType = file.xib; path = SearchView.xib; sourceTree = "<group>"; };
		DF74B9BC1E1C91F00028246C /* XibBaseView.swift */ = {isa = PBXFileReference; fileEncoding = 4; lastKnownFileType = sourcecode.swift; path = XibBaseView.swift; sourceTree = "<group>"; };
		DF74B9C01E1C92230028246C /* colors.swift */ = {isa = PBXFileReference; fileEncoding = 4; lastKnownFileType = sourcecode.swift; path = colors.swift; sourceTree = "<group>"; };
		DF74B9C31E1C92310028246C /* fonts.swift */ = {isa = PBXFileReference; fileEncoding = 4; lastKnownFileType = sourcecode.swift; path = fonts.swift; sourceTree = "<group>"; };
		DF74B9C81E1CAF660028246C /* AppState.swift */ = {isa = PBXFileReference; fileEncoding = 4; lastKnownFileType = sourcecode.swift; path = AppState.swift; sourceTree = "<group>"; };
		DF74B9D11E1CCB590028246C /* PropertyActions.swift */ = {isa = PBXFileReference; fileEncoding = 4; lastKnownFileType = sourcecode.swift; path = PropertyActions.swift; sourceTree = "<group>"; };
		DF74B9D71E1CDF680028246C /* AppReducer.swift */ = {isa = PBXFileReference; fileEncoding = 4; lastKnownFileType = sourcecode.swift; path = AppReducer.swift; sourceTree = "<group>"; };
		DF74B9DA1E1CE2F70028246C /* LoadingActions.swift */ = {isa = PBXFileReference; fileEncoding = 4; lastKnownFileType = sourcecode.swift; path = LoadingActions.swift; sourceTree = "<group>"; };
		DF74B9DD1E1CE3630028246C /* ErrorMessageActions.swift */ = {isa = PBXFileReference; fileEncoding = 4; lastKnownFileType = sourcecode.swift; path = ErrorMessageActions.swift; sourceTree = "<group>"; };
		DF74B9E11E1CF3EB0028246C /* PropertyApi.swift */ = {isa = PBXFileReference; fileEncoding = 4; lastKnownFileType = sourcecode.swift; path = PropertyApi.swift; sourceTree = "<group>"; };
		DF74B9E41E1CF7420028246C /* Alamofire.framework */ = {isa = PBXFileReference; lastKnownFileType = wrapper.framework; name = Alamofire.framework; path = Carthage/Build/iOS/Alamofire.framework; sourceTree = "<group>"; };
		DFC26C211E1F404700148AB5 /* SearchView.swift */ = {isa = PBXFileReference; fileEncoding = 4; lastKnownFileType = sourcecode.swift; path = SearchView.swift; sourceTree = "<group>"; };
		DFC26C261E1F6F8A00148AB5 /* LocationTracker.swift */ = {isa = PBXFileReference; fileEncoding = 4; lastKnownFileType = sourcecode.swift; path = LocationTracker.swift; sourceTree = "<group>"; };
/* End PBXFileReference section */

/* Begin PBXFrameworksBuildPhase section */
		DF3072661E1BA625005AA130 /* Frameworks */ = {
			isa = PBXFrameworksBuildPhase;
			buildActionMask = 2147483647;
			files = (
				DF74B9E51E1CF7420028246C /* Alamofire.framework in Frameworks */,
				DF74B9B21E1C8EAB0028246C /* ReSwift.framework in Frameworks */,
			);
			runOnlyForDeploymentPostprocessing = 0;
		};
		DF30727A1E1BA625005AA130 /* Frameworks */ = {
			isa = PBXFrameworksBuildPhase;
			buildActionMask = 2147483647;
			files = (
			);
			runOnlyForDeploymentPostprocessing = 0;
		};
/* End PBXFrameworksBuildPhase section */

/* Begin PBXGroup section */
		DF3072601E1BA625005AA130 = {
			isa = PBXGroup;
			children = (
				DF30726B1E1BA625005AA130 /* ReswiftAppCoordinatorDemo */,
				DF3072801E1BA625005AA130 /* ReswiftAppCoordinatorDemoTests */,
				DF30726A1E1BA625005AA130 /* Products */,
				DF30728C1E1BB2EA005AA130 /* Frameworks */,
			);
			sourceTree = "<group>";
		};
		DF30726A1E1BA625005AA130 /* Products */ = {
			isa = PBXGroup;
			children = (
				DF3072691E1BA625005AA130 /* ReswiftAppCoordinatorDemo.app */,
				DF30727D1E1BA625005AA130 /* ReswiftAppCoordinatorDemoTests.xctest */,
			);
			name = Products;
			sourceTree = "<group>";
		};
		DF30726B1E1BA625005AA130 /* ReswiftAppCoordinatorDemo */ = {
			isa = PBXGroup;
			children = (
				DFC26C251E1F6F3500148AB5 /* Sensor */,
				DF74B9BF1E1C92120028246C /* Themes */,
				DF74B9C71E1CADE10028246C /* Reducers */,
				DF74B9C61E1CADBE0028246C /* Actions */,
				DF74B9E01E1CF3BF0028246C /* API */,
				DF74B9B51E1C90210028246C /* Views */,
				DF30726C1E1BA625005AA130 /* AppDelegate.swift */,
				DF30728F1E1BE7D5005AA130 /* AppCoordinator.swift */,
				DF74B9C81E1CAF660028246C /* AppState.swift */,
				DF3072731E1BA625005AA130 /* Assets.xcassets */,
				DF3072751E1BA625005AA130 /* LaunchScreen.storyboard */,
				DF3072781E1BA625005AA130 /* Info.plist */,
			);
			path = ReswiftAppCoordinatorDemo;
			sourceTree = "<group>";
		};
		DF3072801E1BA625005AA130 /* ReswiftAppCoordinatorDemoTests */ = {
			isa = PBXGroup;
			children = (
				DF3072811E1BA625005AA130 /* ReswiftAppCoordinatorDemoTests.swift */,
				DF3072831E1BA625005AA130 /* Info.plist */,
			);
			path = ReswiftAppCoordinatorDemoTests;
			sourceTree = "<group>";
		};
		DF30728C1E1BB2EA005AA130 /* Frameworks */ = {
			isa = PBXGroup;
			children = (
				DF74B9E41E1CF7420028246C /* Alamofire.framework */,
				DF30728D1E1BB2EA005AA130 /* ReSwift.framework */,
			);
			name = Frameworks;
			sourceTree = "<group>";
		};
		DF74B9B51E1C90210028246C /* Views */ = {
			isa = PBXGroup;
			children = (
				DFC26C241E1F406400148AB5 /* BaseViews */,
				DF30726E1E1BA625005AA130 /* SearchSceneViewController.swift */,
				DF74B9B61E1C906A0028246C /* SearchView.xib */,
				DFC26C211E1F404700148AB5 /* SearchView.swift */,
			);
			name = Views;
			sourceTree = "<group>";
		};
		DF74B9BF1E1C92120028246C /* Themes */ = {
			isa = PBXGroup;
			children = (
				DF74B9C01E1C92230028246C /* colors.swift */,
				DF74B9C31E1C92310028246C /* fonts.swift */,
			);
			name = Themes;
			sourceTree = "<group>";
		};
		DF74B9C61E1CADBE0028246C /* Actions */ = {
			isa = PBXGroup;
			children = (
				DF74B9D11E1CCB590028246C /* PropertyActions.swift */,
				DF74B9DA1E1CE2F70028246C /* LoadingActions.swift */,
				DF74B9DD1E1CE3630028246C /* ErrorMessageActions.swift */,
			);
			name = Actions;
			sourceTree = "<group>";
		};
		DF74B9C71E1CADE10028246C /* Reducers */ = {
			isa = PBXGroup;
			children = (
				DF74B9D71E1CDF680028246C /* AppReducer.swift */,
			);
			name = Reducers;
			sourceTree = "<group>";
		};
		DF74B9E01E1CF3BF0028246C /* API */ = {
			isa = PBXGroup;
			children = (
				DF74B9E11E1CF3EB0028246C /* PropertyApi.swift */,
			);
			name = API;
			sourceTree = "<group>";
		};
		DFC26C241E1F406400148AB5 /* BaseViews */ = {
			isa = PBXGroup;
			children = (
				DF74B9BC1E1C91F00028246C /* XibBaseView.swift */,
				DF31C0521E1F27360053DB38 /* BaseViewController.swift */,
			);
			name = BaseViews;
			sourceTree = "<group>";
		};
		DFC26C251E1F6F3500148AB5 /* Sensor */ = {
			isa = PBXGroup;
			children = (
				DFC26C261E1F6F8A00148AB5 /* LocationTracker.swift */,
			);
			name = Sensor;
			sourceTree = "<group>";
		};
/* End PBXGroup section */

/* Begin PBXNativeTarget section */
		DF3072681E1BA625005AA130 /* ReswiftAppCoordinatorDemo */ = {
			isa = PBXNativeTarget;
			buildConfigurationList = DF3072861E1BA625005AA130 /* Build configuration list for PBXNativeTarget "ReswiftAppCoordinatorDemo" */;
			buildPhases = (
				DF3072651E1BA625005AA130 /* Sources */,
				DF3072661E1BA625005AA130 /* Frameworks */,
				DF3072671E1BA625005AA130 /* Resources */,
				DF74B9B31E1C8EF30028246C /* CopyFiles */,
			);
			buildRules = (
			);
			dependencies = (
			);
			name = ReswiftAppCoordinatorDemo;
			productName = ReswiftAppCoordinatorDemo;
			productReference = DF3072691E1BA625005AA130 /* ReswiftAppCoordinatorDemo.app */;
			productType = "com.apple.product-type.application";
		};
		DF30727C1E1BA625005AA130 /* ReswiftAppCoordinatorDemoTests */ = {
			isa = PBXNativeTarget;
			buildConfigurationList = DF3072891E1BA625005AA130 /* Build configuration list for PBXNativeTarget "ReswiftAppCoordinatorDemoTests" */;
			buildPhases = (
				DF3072791E1BA625005AA130 /* Sources */,
				DF30727A1E1BA625005AA130 /* Frameworks */,
				DF30727B1E1BA625005AA130 /* Resources */,
			);
			buildRules = (
			);
			dependencies = (
				DF30727F1E1BA625005AA130 /* PBXTargetDependency */,
			);
			name = ReswiftAppCoordinatorDemoTests;
			productName = ReswiftAppCoordinatorDemoTests;
			productReference = DF30727D1E1BA625005AA130 /* ReswiftAppCoordinatorDemoTests.xctest */;
			productType = "com.apple.product-type.bundle.unit-test";
		};
/* End PBXNativeTarget section */

/* Begin PBXProject section */
		DF3072611E1BA625005AA130 /* Project object */ = {
			isa = PBXProject;
			attributes = {
				LastSwiftUpdateCheck = 0810;
				LastUpgradeCheck = 0810;
				ORGANIZATIONNAME = xianlinbox;
				TargetAttributes = {
					DF3072681E1BA625005AA130 = {
						CreatedOnToolsVersion = 8.1;
						DevelopmentTeam = TX44MTV4A5;
						ProvisioningStyle = Automatic;
					};
					DF30727C1E1BA625005AA130 = {
						CreatedOnToolsVersion = 8.1;
						ProvisioningStyle = Automatic;
						TestTargetID = DF3072681E1BA625005AA130;
					};
				};
			};
			buildConfigurationList = DF3072641E1BA625005AA130 /* Build configuration list for PBXProject "ReswiftAppCoordinatorDemo" */;
			compatibilityVersion = "Xcode 3.2";
			developmentRegion = English;
			hasScannedForEncodings = 0;
			knownRegions = (
				en,
				Base,
			);
			mainGroup = DF3072601E1BA625005AA130;
			productRefGroup = DF30726A1E1BA625005AA130 /* Products */;
			projectDirPath = "";
			projectRoot = "";
			targets = (
				DF3072681E1BA625005AA130 /* ReswiftAppCoordinatorDemo */,
				DF30727C1E1BA625005AA130 /* ReswiftAppCoordinatorDemoTests */,
			);
		};
/* End PBXProject section */

/* Begin PBXResourcesBuildPhase section */
		DF3072671E1BA625005AA130 /* Resources */ = {
			isa = PBXResourcesBuildPhase;
			buildActionMask = 2147483647;
			files = (
				DF74B9B71E1C906A0028246C /* SearchView.xib in Resources */,
				DF3072771E1BA625005AA130 /* LaunchScreen.storyboard in Resources */,
				DF3072741E1BA625005AA130 /* Assets.xcassets in Resources */,
			);
			runOnlyForDeploymentPostprocessing = 0;
		};
		DF30727B1E1BA625005AA130 /* Resources */ = {
			isa = PBXResourcesBuildPhase;
			buildActionMask = 2147483647;
			files = (
				DF74B9B81E1C906A0028246C /* SearchView.xib in Resources */,
			);
			runOnlyForDeploymentPostprocessing = 0;
		};
/* End PBXResourcesBuildPhase section */

/* Begin PBXSourcesBuildPhase section */
		DF3072651E1BA625005AA130 /* Sources */ = {
			isa = PBXSourcesBuildPhase;
			buildActionMask = 2147483647;
			files = (
				DF31C0531E1F27360053DB38 /* BaseViewController.swift in Sources */,
				DF74B9BD1E1C91F00028246C /* XibBaseView.swift in Sources */,
				DF74B9D21E1CCB590028246C /* PropertyActions.swift in Sources */,
				DF74B9C11E1C92230028246C /* colors.swift in Sources */,
				DF74B9D81E1CDF680028246C /* AppReducer.swift in Sources */,
				DF74B9DE1E1CE3630028246C /* ErrorMessageActions.swift in Sources */,
				DF74B9DB1E1CE2F70028246C /* LoadingActions.swift in Sources */,
				DF74B9C91E1CAF660028246C /* AppState.swift in Sources */,
				DF74B9E21E1CF3EB0028246C /* PropertyApi.swift in Sources */,
				DF3072901E1BE7D5005AA130 /* AppCoordinator.swift in Sources */,
				DFC26C221E1F404700148AB5 /* SearchView.swift in Sources */,
				DF30726F1E1BA625005AA130 /* SearchSceneViewController.swift in Sources */,
				DF74B9C41E1C92310028246C /* fonts.swift in Sources */,
				DF30726D1E1BA625005AA130 /* AppDelegate.swift in Sources */,
				DFC26C271E1F6F8A00148AB5 /* LocationTracker.swift in Sources */,
			);
			runOnlyForDeploymentPostprocessing = 0;
		};
		DF3072791E1BA625005AA130 /* Sources */ = {
			isa = PBXSourcesBuildPhase;
			buildActionMask = 2147483647;
			files = (
				DF74B9C51E1C92310028246C /* fonts.swift in Sources */,
				DF74B9E31E1CF3EB0028246C /* PropertyApi.swift in Sources */,
				DF74B9CA1E1CAF660028246C /* AppState.swift in Sources */,
				DF74B9BE1E1C91F00028246C /* XibBaseView.swift in Sources */,
				DF74B9DC1E1CE2F70028246C /* LoadingActions.swift in Sources */,
				DF74B9C21E1C92230028246C /* colors.swift in Sources */,
				DF3072821E1BA625005AA130 /* ReswiftAppCoordinatorDemoTests.swift in Sources */,
				DF74B9D31E1CCB590028246C /* PropertyActions.swift in Sources */,
				DF74B9DF1E1CE3630028246C /* ErrorMessageActions.swift in Sources */,
				DF74B9D91E1CDF680028246C /* AppReducer.swift in Sources */,
			);
			runOnlyForDeploymentPostprocessing = 0;
		};
/* End PBXSourcesBuildPhase section */

/* Begin PBXTargetDependency section */
		DF30727F1E1BA625005AA130 /* PBXTargetDependency */ = {
			isa = PBXTargetDependency;
			target = DF3072681E1BA625005AA130 /* ReswiftAppCoordinatorDemo */;
			targetProxy = DF30727E1E1BA625005AA130 /* PBXContainerItemProxy */;
		};
/* End PBXTargetDependency section */

/* Begin PBXVariantGroup section */
		DF3072751E1BA625005AA130 /* LaunchScreen.storyboard */ = {
			isa = PBXVariantGroup;
			children = (
				DF3072761E1BA625005AA130 /* Base */,
			);
			name = LaunchScreen.storyboard;
			sourceTree = "<group>";
		};
/* End PBXVariantGroup section */

/* Begin XCBuildConfiguration section */
		DF3072841E1BA625005AA130 /* Debug */ = {
			isa = XCBuildConfiguration;
			buildSettings = {
				ALWAYS_SEARCH_USER_PATHS = NO;
				CLANG_ANALYZER_NONNULL = YES;
				CLANG_CXX_LANGUAGE_STANDARD = "gnu++0x";
				CLANG_CXX_LIBRARY = "libc++";
				CLANG_ENABLE_MODULES = YES;
				CLANG_ENABLE_OBJC_ARC = YES;
				CLANG_WARN_BOOL_CONVERSION = YES;
				CLANG_WARN_CONSTANT_CONVERSION = YES;
				CLANG_WARN_DIRECT_OBJC_ISA_USAGE = YES_ERROR;
				CLANG_WARN_DOCUMENTATION_COMMENTS = YES;
				CLANG_WARN_EMPTY_BODY = YES;
				CLANG_WARN_ENUM_CONVERSION = YES;
				CLANG_WARN_INFINITE_RECURSION = YES;
				CLANG_WARN_INT_CONVERSION = YES;
				CLANG_WARN_OBJC_ROOT_CLASS = YES_ERROR;
				CLANG_WARN_SUSPICIOUS_MOVES = YES;
				CLANG_WARN_UNREACHABLE_CODE = YES;
				CLANG_WARN__DUPLICATE_METHOD_MATCH = YES;
				"CODE_SIGN_IDENTITY[sdk=iphoneos*]" = "iPhone Developer";
				COPY_PHASE_STRIP = NO;
				DEBUG_INFORMATION_FORMAT = dwarf;
				ENABLE_STRICT_OBJC_MSGSEND = YES;
				ENABLE_TESTABILITY = YES;
				GCC_C_LANGUAGE_STANDARD = gnu99;
				GCC_DYNAMIC_NO_PIC = NO;
				GCC_NO_COMMON_BLOCKS = YES;
				GCC_OPTIMIZATION_LEVEL = 0;
				GCC_PREPROCESSOR_DEFINITIONS = (
					"DEBUG=1",
					"$(inherited)",
				);
				GCC_WARN_64_TO_32_BIT_CONVERSION = YES;
				GCC_WARN_ABOUT_RETURN_TYPE = YES_ERROR;
				GCC_WARN_UNDECLARED_SELECTOR = YES;
				GCC_WARN_UNINITIALIZED_AUTOS = YES_AGGRESSIVE;
				GCC_WARN_UNUSED_FUNCTION = YES;
				GCC_WARN_UNUSED_VARIABLE = YES;
				IPHONEOS_DEPLOYMENT_TARGET = 9.0;
				MTL_ENABLE_DEBUG_INFO = YES;
				ONLY_ACTIVE_ARCH = YES;
				SDKROOT = iphoneos;
				SWIFT_ACTIVE_COMPILATION_CONDITIONS = DEBUG;
				SWIFT_OPTIMIZATION_LEVEL = "-Onone";
			};
			name = Debug;
		};
		DF3072851E1BA625005AA130 /* Release */ = {
			isa = XCBuildConfiguration;
			buildSettings = {
				ALWAYS_SEARCH_USER_PATHS = NO;
				CLANG_ANALYZER_NONNULL = YES;
				CLANG_CXX_LANGUAGE_STANDARD = "gnu++0x";
				CLANG_CXX_LIBRARY = "libc++";
				CLANG_ENABLE_MODULES = YES;
				CLANG_ENABLE_OBJC_ARC = YES;
				CLANG_WARN_BOOL_CONVERSION = YES;
				CLANG_WARN_CONSTANT_CONVERSION = YES;
				CLANG_WARN_DIRECT_OBJC_ISA_USAGE = YES_ERROR;
				CLANG_WARN_DOCUMENTATION_COMMENTS = YES;
				CLANG_WARN_EMPTY_BODY = YES;
				CLANG_WARN_ENUM_CONVERSION = YES;
				CLANG_WARN_INFINITE_RECURSION = YES;
				CLANG_WARN_INT_CONVERSION = YES;
				CLANG_WARN_OBJC_ROOT_CLASS = YES_ERROR;
				CLANG_WARN_SUSPICIOUS_MOVES = YES;
				CLANG_WARN_UNREACHABLE_CODE = YES;
				CLANG_WARN__DUPLICATE_METHOD_MATCH = YES;
				"CODE_SIGN_IDENTITY[sdk=iphoneos*]" = "iPhone Developer";
				COPY_PHASE_STRIP = NO;
				DEBUG_INFORMATION_FORMAT = "dwarf-with-dsym";
				ENABLE_NS_ASSERTIONS = NO;
				ENABLE_STRICT_OBJC_MSGSEND = YES;
				GCC_C_LANGUAGE_STANDARD = gnu99;
				GCC_NO_COMMON_BLOCKS = YES;
				GCC_WARN_64_TO_32_BIT_CONVERSION = YES;
				GCC_WARN_ABOUT_RETURN_TYPE = YES_ERROR;
				GCC_WARN_UNDECLARED_SELECTOR = YES;
				GCC_WARN_UNINITIALIZED_AUTOS = YES_AGGRESSIVE;
				GCC_WARN_UNUSED_FUNCTION = YES;
				GCC_WARN_UNUSED_VARIABLE = YES;
				IPHONEOS_DEPLOYMENT_TARGET = 9.0;
				MTL_ENABLE_DEBUG_INFO = NO;
				SDKROOT = iphoneos;
				SWIFT_OPTIMIZATION_LEVEL = "-Owholemodule";
				VALIDATE_PRODUCT = YES;
			};
			name = Release;
		};
		DF3072871E1BA625005AA130 /* Debug */ = {
			isa = XCBuildConfiguration;
			buildSettings = {
				ASSETCATALOG_COMPILER_APPICON_NAME = AppIcon;
				DEVELOPMENT_TEAM = TX44MTV4A5;
				FRAMEWORK_SEARCH_PATHS = (
					"$(inherited)",
					"$(PROJECT_DIR)/Carthage/Build/iOS",
				);
				INFOPLIST_FILE = ReswiftAppCoordinatorDemo/Info.plist;
				LD_RUNPATH_SEARCH_PATHS = "$(inherited) @executable_path/Frameworks";
				PRODUCT_BUNDLE_IDENTIFIER = com.xianlinbox.ReswiftAppCoordinatorDemo;
				PRODUCT_NAME = "$(TARGET_NAME)";
				SWIFT_VERSION = 3.0;
			};
			name = Debug;
		};
		DF3072881E1BA625005AA130 /* Release */ = {
			isa = XCBuildConfiguration;
			buildSettings = {
				ASSETCATALOG_COMPILER_APPICON_NAME = AppIcon;
				DEVELOPMENT_TEAM = TX44MTV4A5;
				FRAMEWORK_SEARCH_PATHS = (
					"$(inherited)",
					"$(PROJECT_DIR)/Carthage/Build/iOS",
				);
				INFOPLIST_FILE = ReswiftAppCoordinatorDemo/Info.plist;
				LD_RUNPATH_SEARCH_PATHS = "$(inherited) @executable_path/Frameworks";
				PRODUCT_BUNDLE_IDENTIFIER = com.xianlinbox.ReswiftAppCoordinatorDemo;
				PRODUCT_NAME = "$(TARGET_NAME)";
				SWIFT_VERSION = 3.0;
			};
			name = Release;
		};
		DF30728A1E1BA625005AA130 /* Debug */ = {
			isa = XCBuildConfiguration;
			buildSettings = {
				ALWAYS_EMBED_SWIFT_STANDARD_LIBRARIES = YES;
				BUNDLE_LOADER = "$(TEST_HOST)";
				INFOPLIST_FILE = ReswiftAppCoordinatorDemoTests/Info.plist;
				LD_RUNPATH_SEARCH_PATHS = "$(inherited) @executable_path/Frameworks @loader_path/Frameworks";
				PRODUCT_BUNDLE_IDENTIFIER = com.xianlinbox.ReswiftAppCoordinatorDemoTests;
				PRODUCT_NAME = "$(TARGET_NAME)";
				SWIFT_VERSION = 3.0;
				TEST_HOST = "$(BUILT_PRODUCTS_DIR)/ReswiftAppCoordinatorDemo.app/ReswiftAppCoordinatorDemo";
			};
			name = Debug;
		};
		DF30728B1E1BA625005AA130 /* Release */ = {
			isa = XCBuildConfiguration;
			buildSettings = {
				ALWAYS_EMBED_SWIFT_STANDARD_LIBRARIES = YES;
				BUNDLE_LOADER = "$(TEST_HOST)";
				INFOPLIST_FILE = ReswiftAppCoordinatorDemoTests/Info.plist;
				LD_RUNPATH_SEARCH_PATHS = "$(inherited) @executable_path/Frameworks @loader_path/Frameworks";
				PRODUCT_BUNDLE_IDENTIFIER = com.xianlinbox.ReswiftAppCoordinatorDemoTests;
				PRODUCT_NAME = "$(TARGET_NAME)";
				SWIFT_VERSION = 3.0;
				TEST_HOST = "$(BUILT_PRODUCTS_DIR)/ReswiftAppCoordinatorDemo.app/ReswiftAppCoordinatorDemo";
			};
			name = Release;
		};
/* End XCBuildConfiguration section */

/* Begin XCConfigurationList section */
		DF3072641E1BA625005AA130 /* Build configuration list for PBXProject "ReswiftAppCoordinatorDemo" */ = {
			isa = XCConfigurationList;
			buildConfigurations = (
				DF3072841E1BA625005AA130 /* Debug */,
				DF3072851E1BA625005AA130 /* Release */,
			);
			defaultConfigurationIsVisible = 0;
			defaultConfigurationName = Release;
		};
		DF3072861E1BA625005AA130 /* Build configuration list for PBXNativeTarget "ReswiftAppCoordinatorDemo" */ = {
			isa = XCConfigurationList;
			buildConfigurations = (
				DF3072871E1BA625005AA130 /* Debug */,
				DF3072881E1BA625005AA130 /* Release */,
			);
			defaultConfigurationIsVisible = 0;
			defaultConfigurationName = Release;
		};
		DF3072891E1BA625005AA130 /* Build configuration list for PBXNativeTarget "ReswiftAppCoordinatorDemoTests" */ = {
			isa = XCConfigurationList;
			buildConfigurations = (
				DF30728A1E1BA625005AA130 /* Debug */,
				DF30728B1E1BA625005AA130 /* Release */,
			);
			defaultConfigurationIsVisible = 0;
			defaultConfigurationName = Release;
		};
/* End XCConfigurationList section */
	};
	rootObject = DF3072611E1BA625005AA130 /* Project object */;
}
